
Microsoft Visual Studio Solution File, Format Version 12.00
# Visual Studio Version 17
VisualStudioVersion = 17.1.32319.34
MinimumVisualStudioVersion = 10.0.40219.1
Project("{FAE04EC0-301F-11D3-BF4B-00C04F79EFBC}") = "Source", "Source\Source.csproj", "{262713AA-D903-4D4F-A351-BB14DAB358DF}"
EndProject
Global
	GlobalSection(SolutionConfigurationPlatforms) = preSolution
		Debug|Any CPU = Debug|Any CPU
		Release|Any CPU = Release|Any CPU
	EndGlobalSection
	GlobalSection(ProjectConfigurationPlatforms) = postSolution
		{262713AA-D903-4D4F-A351-BB14DAB358DF}.Debug|Any CPU.ActiveCfg = Debug|Any CPU
		{262713AA-D903-4D4F-A351-BB14DAB358DF}.Debug|Any CPU.Build.0 = Debug|Any CPU
		{262713AA-D903-4D4F-A351-BB14DAB358DF}.Release|Any CPU.ActiveCfg = Release|Any CPU
		{262713AA-D903-4D4F-A351-BB14DAB358DF}.Release|Any CPU.Build.0 = Release|Any CPU
	EndGlobalSection
	GlobalSection(SolutionProperties) = preSolution
		HideSolutionNode = FALSE
	EndGlobalSection
	GlobalSection(ExtensibilityGlobals) = postSolution
		SolutionGuid = {CD5CA41F-1A85-406E-9353-55E899263796}
	EndGlobalSection
EndGlobal
